version = 1
revision = 3
requires-python = ">=3.13"

[[package]]
name = "mashumaro"
version = "3.16"
source = { registry = "https://pypi.org/simple" }
dependencies = [
    { name = "typing-extensions" },
]
sdist = { url = "https://files.pythonhosted.org/packages/d7/92/4c1ac8d819fba3d6988876cadd922803818905a50d22d2027581366e8142/mashumaro-3.16.tar.gz", hash = "sha256:3844137cf053bbac30c4cbd0ee9984e839a5731a0ef96fd3dd9388359af3f2e1", size = 189804, upload-time = "2025-05-20T18:50:50.407Z" }
wheels = [
    { url = "https://files.pythonhosted.org/packages/b4/25/2142964380b25340d52f6ba5db771625f36ea54118deb94267eecf6e45f1/mashumaro-3.16-py3-none-any.whl", hash = "sha256:d72782cdad5e164748ca883023bc5a214a80835cdca75826bf0bcbff827e0bd3", size = 93990, upload-time = "2025-05-20T18:50:48.494Z" },
]

[[package]]
name = "toml"
version = "0.10.2"
source = { registry = "https://pypi.org/simple" }
sdist = { url = "https://files.pythonhosted.org/packages/be/ba/1f744cdc819428fc6b5084ec34d9b30660f6f9daaf70eead706e3203ec3c/toml-0.10.2.tar.gz", hash = "sha256:b3bda1d108d5dd99f4a20d24d9c348e91c4db7ab1b749200bded2f839ccbe68f", size = 22253, upload-time = "2020-11-01T01:40:22.204Z" }
wheels = [
    { url = "https://files.pythonhosted.org/packages/44/6f/7120676b6d73228c96e17f1f794d8ab046fc910d781c8d151120c3f1569e/toml-0.10.2-py2.py3-none-any.whl", hash = "sha256:806143ae5bfb6a3c6e736a764057db0e6a0e05e338b5630894a5f779cabb4f9b", size = 16588, upload-time = "2020-11-01T01:40:20.672Z" },
]

[[package]]
name = "tomli"
version = "2.2.1"
source = { registry = "https://pypi.org/simple" }
sdist = { url = "https://files.pythonhosted.org/packages/18/87/302344fed471e44a87289cf4967697d07e532f2421fdaf868a303cbae4ff/tomli-2.2.1.tar.gz", hash = "sha256:cd45e1dc79c835ce60f7404ec8119f2eb06d38b1deba146f07ced3bbc44505ff", size = 17175, upload-time = "2024-11-27T22:38:36.873Z" }
wheels = [
    { url = "https://files.pythonhosted.org/packages/04/90/2ee5f2e0362cb8a0b6499dc44f4d7d48f8fff06d28ba46e6f1eaa61a1388/tomli-2.2.1-cp313-cp313-macosx_10_13_x86_64.whl", hash = "sha256:f4039b9cbc3048b2416cc57ab3bda989a6fcf9b36cf8937f01a6e731b64f80d7", size = 132708, upload-time = "2024-11-27T22:38:21.659Z" },
    { url = "https://files.pythonhosted.org/packages/c0/ec/46b4108816de6b385141f082ba99e315501ccd0a2ea23db4a100dd3990ea/tomli-2.2.1-cp313-cp313-macosx_11_0_arm64.whl", hash = "sha256:286f0ca2ffeeb5b9bd4fcc8d6c330534323ec51b2f52da063b11c502da16f30c", size = 123582, upload-time = "2024-11-27T22:38:22.693Z" },
    { url = "https://files.pythonhosted.org/packages/a0/bd/b470466d0137b37b68d24556c38a0cc819e8febe392d5b199dcd7f578365/tomli-2.2.1-cp313-cp313-manylinux_2_17_aarch64.manylinux2014_aarch64.whl", hash = "sha256:a92ef1a44547e894e2a17d24e7557a5e85a9e1d0048b0b5e7541f76c5032cb13", size = 232543, upload-time = "2024-11-27T22:38:24.367Z" },
    { url = "https://files.pythonhosted.org/packages/d9/e5/82e80ff3b751373f7cead2815bcbe2d51c895b3c990686741a8e56ec42ab/tomli-2.2.1-cp313-cp313-manylinux_2_17_x86_64.manylinux2014_x86_64.whl", hash = "sha256:9316dc65bed1684c9a98ee68759ceaed29d229e985297003e494aa825ebb0281", size = 241691, upload-time = "2024-11-27T22:38:26.081Z" },
    { url = "https://files.pythonhosted.org/packages/05/7e/2a110bc2713557d6a1bfb06af23dd01e7dde52b6ee7dadc589868f9abfac/tomli-2.2.1-cp313-cp313-manylinux_2_5_i686.manylinux1_i686.manylinux_2_17_i686.manylinux2014_i686.whl", hash = "sha256:e85e99945e688e32d5a35c1ff38ed0b3f41f43fad8df0bdf79f72b2ba7bc5272", size = 251170, upload-time = "2024-11-27T22:38:27.921Z" },
    { url = "https://files.pythonhosted.org/packages/64/7b/22d713946efe00e0adbcdfd6d1aa119ae03fd0b60ebed51ebb3fa9f5a2e5/tomli-2.2.1-cp313-cp313-musllinux_1_2_aarch64.whl", hash = "sha256:ac065718db92ca818f8d6141b5f66369833d4a80a9d74435a268c52bdfa73140", size = 236530, upload-time = "2024-11-27T22:38:29.591Z" },
    { url = "https://files.pythonhosted.org/packages/38/31/3a76f67da4b0cf37b742ca76beaf819dca0ebef26d78fc794a576e08accf/tomli-2.2.1-cp313-cp313-musllinux_1_2_i686.whl", hash = "sha256:d920f33822747519673ee656a4b6ac33e382eca9d331c87770faa3eef562aeb2", size = 258666, upload-time = "2024-11-27T22:38:30.639Z" },
    { url = "https://files.pythonhosted.org/packages/07/10/5af1293da642aded87e8a988753945d0cf7e00a9452d3911dd3bb354c9e2/tomli-2.2.1-cp313-cp313-musllinux_1_2_x86_64.whl", hash = "sha256:a198f10c4d1b1375d7687bc25294306e551bf1abfa4eace6650070a5c1ae2744", size = 243954, upload-time = "2024-11-27T22:38:31.702Z" },
    { url = "https://files.pythonhosted.org/packages/5b/b9/1ed31d167be802da0fc95020d04cd27b7d7065cc6fbefdd2f9186f60d7bd/tomli-2.2.1-cp313-cp313-win32.whl", hash = "sha256:d3f5614314d758649ab2ab3a62d4f2004c825922f9e370b29416484086b264ec", size = 98724, upload-time = "2024-11-27T22:38:32.837Z" },
    { url = "https://files.pythonhosted.org/packages/c7/32/b0963458706accd9afcfeb867c0f9175a741bf7b19cd424230714d722198/tomli-2.2.1-cp313-cp313-win_amd64.whl", hash = "sha256:a38aa0308e754b0e3c67e344754dff64999ff9b513e691d0e786265c93583c69", size = 109383, upload-time = "2024-11-27T22:38:34.455Z" },
    { url = "https://files.pythonhosted.org/packages/6e/c2/61d3e0f47e2b74ef40a68b9e6ad5984f6241a942f7cd3bbfbdbd03861ea9/tomli-2.2.1-py3-none-any.whl", hash = "sha256:cb55c73c5f4408779d0cf3eef9f762b9c9f147a77de7b258bef0a5628adc85cc", size = 14257, upload-time = "2024-11-27T22:38:35.385Z" },
]

[[package]]
name = "tomli-w"
version = "1.2.0"
source = { registry = "https://pypi.org/simple" }
sdist = { url = "https://files.pythonhosted.org/packages/19/75/241269d1da26b624c0d5e110e8149093c759b7a286138f4efd61a60e75fe/tomli_w-1.2.0.tar.gz", hash = "sha256:2dd14fac5a47c27be9cd4c976af5a12d87fb1f0b4512f81d69cce3b35ae25021", size = 7184, upload-time = "2025-01-15T12:07:24.262Z" }
wheels = [
    { url = "https://files.pythonhosted.org/packages/c7/18/c86eb8e0202e32dd3df50d43d7ff9854f8e0603945ff398974c1d91ac1ef/tomli_w-1.2.0-py3-none-any.whl", hash = "sha256:188306098d013b691fcadc011abd66727d3c414c571bb01b1a174ba8c983cf90", size = 6675, upload-time = "2025-01-15T12:07:22.074Z" },
]

[[package]]
name = "typing-extensions"
version = "4.14.1"
source = { registry = "https://pypi.org/simple" }
sdist = { url = "https://files.pythonhosted.org/packages/98/5a/da40306b885cc8c09109dc2e1abd358d5684b1425678151cdaed4731c822/typing_extensions-4.14.1.tar.gz", hash = "sha256:38b39f4aeeab64884ce9f74c94263ef78f3c22467c8724005483154c26648d36", size = 107673, upload-time = "2025-07-04T13:28:34.16Z" }
wheels = [
    { url = "https://files.pythonhosted.org/packages/b5/00/d631e67a838026495268c2f6884f3711a15a9a2a96cd244fdaea53b823fb/typing_extensions-4.14.1-py3-none-any.whl", hash = "sha256:d1e1e3b58374dc93031d6eda2420a48ea44a36c2b4766a4fdeb3710755731d76", size = 43906, upload-time = "2025-07-04T13:28:32.743Z" },
]

[[package]]
name = "ventoy-ng-cpio"
version = "0.1.0"
source = { editable = "." }
dependencies = [
    { name = "mashumaro" },
    { name = "toml" },
    { name = "tomli" },
    { name = "tomli-w" },
    { name = "typing-extensions" },
    { name = "zstd" },
]

[package.metadata]
requires-dist = [
    { name = "mashumaro", specifier = ">=3.16" },
    { name = "toml", specifier = ">=0.10.2" },
    { name = "tomli", specifier = ">=2.2.1" },
    { name = "tomli-w", specifier = ">=1.2.0" },
    { name = "typing-extensions", specifier = ">=4.14.1" },
    { name = "zstd", specifier = ">=1.5.7.2" },
]

[[package]]
name = "zstd"
version = "1.5.7.2"
source = { registry = "https://pypi.org/simple" }
sdist = { url = "https://files.pythonhosted.org/packages/0f/78/9a476e09c825304df47b98be80d1ffe223733b03550af71325415028f615/zstd-1.5.7.2.tar.gz", hash = "sha256:6d8684c69009be49e1b18ec251a5eb0d7e24f93624990a8a124a1da66a92fc8a", size = 670481, upload-time = "2025-06-23T12:36:08.131Z" }
wheels = [
    { url = "https://files.pythonhosted.org/packages/a1/63/0d392a8ec2231dee9fc2290faea7a6642584686720d6b77899ad8b12e35a/zstd-1.5.7.2-cp313-cp313-macosx_10_13_x86_64.whl", hash = "sha256:6e684e27064b6550aa2e7dc85d171ea1b62cb5930a2c99b3df9b30bf620b5c06", size = 269438, upload-time = "2025-06-23T12:57:52.507Z" },
    { url = "https://files.pythonhosted.org/packages/be/1f/85aae095f92811bed3d2944bbed971fe07ec1dd2d82c9eb1395d69d2123c/zstd-1.5.7.2-cp313-cp313-macosx_11_0_arm64.whl", hash = "sha256:fd6262788a98807d6b2befd065d127db177c1cd76bb8e536e0dded419eb7c7fb", size = 228179, upload-time = "2025-06-23T12:57:51.031Z" },
    { url = "https://files.pythonhosted.org/packages/31/4e/547949993ea347ac44f5908262ebe6e85edfa7b11a5df136319789be731d/zstd-1.5.7.2-cp313-cp313-manylinux_2_14_x86_64.whl", hash = "sha256:53948be45f286a1b25c07a6aa2aca5c902208eb3df9fe36cf891efa0394c8b71", size = 302763, upload-time = "2025-06-23T12:51:51.615Z" },
    { url = "https://files.pythonhosted.org/packages/25/ca/4a6882846e3049be249031f825251a9229ecad471e18e7fd27974540549c/zstd-1.5.7.2-cp313-cp313-win32.whl", hash = "sha256:edf816c218e5978033b7bb47dcb453dfb71038cb8a9bf4877f3f823e74d58174", size = 149452, upload-time = "2025-06-23T12:57:32.116Z" },
    { url = "https://files.pythonhosted.org/packages/e7/aa/89339605864c9803e4738f176932a6c9f1ad99d03c03ef2cb0634ddca680/zstd-1.5.7.2-cp313-cp313-win_amd64.whl", hash = "sha256:eea9bddf06f3f5e1e450fd647665c86df048a45e8b956d53522387c1dff41b7a", size = 166625, upload-time = "2025-06-23T12:57:33.334Z" },
    { url = "https://files.pythonhosted.org/packages/07/e9/501291a2f9b300b2c73dcc6d086df778e895e71573df9575def54d9dbab2/zstd-1.5.7.2-cp313-cp313t-manylinux_2_14_x86_64.whl", hash = "sha256:1d71f9f92b3abe18b06b5f0aefa5b9c42112beef3bff27e36028d147cb4426a6", size = 302906, upload-time = "2025-06-23T13:21:13.331Z" },
    { url = "https://files.pythonhosted.org/packages/d2/f7/9243bb99b8525421a7db741604d29aebe9a849539500f2248d74bf2614be/zstd-1.5.7.2-cp314-cp314-manylinux_2_14_x86_64.whl", hash = "sha256:a6105b8fa21dbc59e05b6113e8e5d5aaf56c5d2886aa5778d61030af3256bbb7", size = 302779, upload-time = "2025-06-23T13:09:22.701Z" },
    { url = "https://files.pythonhosted.org/packages/9b/a5/6ed36bed134d065ff6198707e7411fde7436d7927e325b8ace26f9e21159/zstd-1.5.7.2-cp314-cp314t-manylinux_2_14_x86_64.whl", hash = "sha256:d0b0ca097efb5f67157c61a744c926848dcccf6e913df2f814e719aa78197a4b", size = 302910, upload-time = "2025-06-23T13:15:13.081Z" },
]
